{
  "requires": true,
  "lockfileVersion": 1,
  "dependencies": {
    "electron-pos-printer": {
      "version": "1.2.4",
      "resolved": "https://registry.npmjs.org/electron-pos-printer/-/electron-pos-printer-1.2.4.tgz",
      "integrity": "sha512-cO4wF3KhrE/6aAokZmPPlLMkCygsPfNv0/CkBsAXYaeN5TlfbQ9MF99P5UHxF++JBPcB6TCuog2DzNW0UF21sQ=="
    }
  }
}
